// !$*UTF8*$!
{
	archiveVersion = 1;
	classes = {
	};
	objectVersion = 77;
	objects = {

/* Begin PBXContainerItemProxy section */
		B1ECF6A12CDAA03000904F74 /* PBXContainerItemProxy */ = {
			isa = PBXContainerItemProxy;
			containerPortal = B1ECF6872CDAA02E00904F74 /* Project object */;
			proxyType = 1;
			remoteGlobalIDString = B1ECF68E2CDAA02E00904F74;
			remoteInfo = TriviaGame;
		};
		B1ECF6AB2CDAA03000904F74 /* PBXContainerItemProxy */ = {
			isa = PBXContainerItemProxy;
			containerPortal = B1ECF6872CDAA02E00904F74 /* Project object */;
			proxyType = 1;
			remoteGlobalIDString = B1ECF68E2CDAA02E00904F74;
			remoteInfo = TriviaGame;
		};
/* End PBXContainerItemProxy section */

/* Begin PBXFileReference section */
		B1ECF68F2CDAA02E00904F74 /* TriviaGame.app */ = {isa = PBXFileReference; explicitFileType = wrapper.application; includeInIndex = 0; path = TriviaGame.app; sourceTree = BUILT_PRODUCTS_DIR; };
		B1ECF6A02CDAA03000904F74 /* TriviaGameTests.xctest */ = {isa = PBXFileReference; explicitFileType = wrapper.cfbundle; includeInIndex = 0; path = TriviaGameTests.xctest; sourceTree = BUILT_PRODUCTS_DIR; };
		B1ECF6AA2CDAA03000904F74 /* TriviaGameUITests.xctest */ = {isa = PBXFileReference; explicitFileType = wrapper.cfbundle; includeInIndex = 0; path = TriviaGameUITests.xctest; sourceTree = BUILT_PRODUCTS_DIR; };
/* End PBXFileReference section */

/* Begin PBXFileSystemSynchronizedBuildFileExceptionSet section */
		B14DE80E2CFA405300C4FF48 /* Exceptions for "TriviaGameTests" folder in "TriviaGame" target */ = {
			isa = PBXFileSystemSynchronizedBuildFileExceptionSet;
			membershipExceptions = (
				"Mock JSONs/mockArtsEasy1JSON.json",
				"Mock JSONs/mockArtsHard1JSON.json",
				"Mock JSONs/mockArtsMedium1JSON.json",
				"Mock JSONs/mockFilmEasy1JSON.json",
				"Mock JSONs/mockFilmEasy5JSON.json",
				"Mock JSONs/mockFilmHard1JSON.json",
				"Mock JSONs/mockFilmMedium1JSON.json",
				"Mock JSONs/mockFoodEasy1JSON.json",
				"Mock JSONs/mockFoodHard1JSON.json",
				"Mock JSONs/mockFoodMedium1JSON.json",
				"Mock JSONs/mockGeneralEasy1JSON.json",
				"Mock JSONs/mockGeneralHard1JSON.json",
				"Mock JSONs/mockGeneralMedium1JSON.json",
				"Mock JSONs/mockGeographyEasy1JSON.json",
				"Mock JSONs/mockGeographyHard1JSON.json",
				"Mock JSONs/mockGeographyMedium1JSON.json",
				"Mock JSONs/mockHistoryEasy1JSON.json",
				"Mock JSONs/mockHistoryHard1JSON.json",
				"Mock JSONs/mockHistoryMedium1JSON.json",
				"Mock JSONs/mockJSON.json",
				"Mock JSONs/mockMusicEasy1JSON.json",
				"Mock JSONs/mockMusicHard1JSON.json",
				"Mock JSONs/mockMusicMedium1JSON.json",
				"Mock JSONs/mockScienceEasy1JSON.json",
				"Mock JSONs/mockScienceHard1JSON.json",
				"Mock JSONs/mockScienceMedium1JSON.json",
				"Mock JSONs/mockSocietyEasy1JSON.json",
				"Mock JSONs/mockSocietyHard1JSON.json",
				"Mock JSONs/mockSocietyMedium1JSON.json",
				"Mock JSONs/mockSportEasy1JSON.json",
				"Mock JSONs/mockSportHard1JSON.json",
				"Mock JSONs/mockSportMedium1JSON.json",
			);
			target = B1ECF68E2CDAA02E00904F74 /* TriviaGame */;
		};
		B14DE80F2CFA405300C4FF48 /* Exceptions for "TriviaGameTests" folder in "TriviaGameTests" target */ = {
			isa = PBXFileSystemSynchronizedBuildFileExceptionSet;
			membershipExceptions = (
				"Mock JSONs/mockArtsEasy1JSON.json",
				"Mock JSONs/mockArtsHard1JSON.json",
				"Mock JSONs/mockArtsMedium1JSON.json",
				"Mock JSONs/mockFilmEasy1JSON.json",
				"Mock JSONs/mockFilmEasy5JSON.json",
				"Mock JSONs/mockFilmHard1JSON.json",
				"Mock JSONs/mockFilmMedium1JSON.json",
				"Mock JSONs/mockFoodEasy1JSON.json",
				"Mock JSONs/mockFoodHard1JSON.json",
				"Mock JSONs/mockFoodMedium1JSON.json",
				"Mock JSONs/mockGeneralEasy1JSON.json",
				"Mock JSONs/mockGeneralHard1JSON.json",
				"Mock JSONs/mockGeneralMedium1JSON.json",
				"Mock JSONs/mockGeographyEasy1JSON.json",
				"Mock JSONs/mockGeographyHard1JSON.json",
				"Mock JSONs/mockGeographyMedium1JSON.json",
				"Mock JSONs/mockHistoryEasy1JSON.json",
				"Mock JSONs/mockHistoryHard1JSON.json",
				"Mock JSONs/mockHistoryMedium1JSON.json",
				"Mock JSONs/mockJSON.json",
				"Mock JSONs/mockMusicEasy1JSON.json",
				"Mock JSONs/mockMusicHard1JSON.json",
				"Mock JSONs/mockMusicMedium1JSON.json",
				"Mock JSONs/mockScienceEasy1JSON.json",
				"Mock JSONs/mockScienceHard1JSON.json",
				"Mock JSONs/mockScienceMedium1JSON.json",
				"Mock JSONs/mockSocietyEasy1JSON.json",
				"Mock JSONs/mockSocietyHard1JSON.json",
				"Mock JSONs/mockSocietyMedium1JSON.json",
				"Mock JSONs/mockSportEasy1JSON.json",
				"Mock JSONs/mockSportHard1JSON.json",
				"Mock JSONs/mockSportMedium1JSON.json",
			);
			target = B1ECF69F2CDAA03000904F74 /* TriviaGameTests */;
		};
		B1ECF6ED2CDAA65500904F74 /* Exceptions for "TriviaGame" folder in "TriviaGame" target */ = {
			isa = PBXFileSystemSynchronizedBuildFileExceptionSet;
			membershipExceptions = (
				Info.plist,
			);
			target = B1ECF68E2CDAA02E00904F74 /* TriviaGame */;
		};
/* End PBXFileSystemSynchronizedBuildFileExceptionSet section */

/* Begin PBXFileSystemSynchronizedRootGroup section */
		B1ECF6912CDAA02E00904F74 /* TriviaGame */ = {
			isa = PBXFileSystemSynchronizedRootGroup;
			path = TriviaGame;
			sourceTree = "<group>";
		};
		B1ECF6A32CDAA03000904F74 /* TriviaGameTests */ = {
			isa = PBXFileSystemSynchronizedRootGroup;
			exceptions = (
				B14DE80E2CFA405300C4FF48 /* Exceptions for "TriviaGameTests" folder in "TriviaGame" target */,
				B14DE80F2CFA405300C4FF48 /* Exceptions for "TriviaGameTests" folder in "TriviaGameTests" target */,
			);
			path = TriviaGameTests;
			sourceTree = "<group>";
		};
		B1ECF6AD2CDAA03000904F74 /* TriviaGameUITests */ = {
			isa = PBXFileSystemSynchronizedRootGroup;
			path = TriviaGameUITests;
			sourceTree = "<group>";
		};
/* End PBXFileSystemSynchronizedRootGroup section */

/* Begin PBXFrameworksBuildPhase section */
		B1ECF68C2CDAA02E00904F74 /* Frameworks */ = {
			isa = PBXFrameworksBuildPhase;
			buildActionMask = 2147483647;
			files = (
			);
			runOnlyForDeploymentPostprocessing = 0;
		};
		B1ECF69D2CDAA03000904F74 /* Frameworks */ = {
			isa = PBXFrameworksBuildPhase;
			buildActionMask = 2147483647;
			files = (
			);
			runOnlyForDeploymentPostprocessing = 0;
		};
		B1ECF6A72CDAA03000904F74 /* Frameworks */ = {
			isa = PBXFrameworksBuildPhase;
			buildActionMask = 2147483647;
			files = (
			);
			runOnlyForDeploymentPostprocessing = 0;
		};
/* End PBXFrameworksBuildPhase section */

/* Begin PBXGroup section */
		B1ECF6862CDAA02E00904F74 = {
			isa = PBXGroup;
			children = (
				B1ECF6912CDAA02E00904F74 /* TriviaGame */,
				B1ECF6A32CDAA03000904F74 /* TriviaGameTests */,
				B1ECF6AD2CDAA03000904F74 /* TriviaGameUITests */,
				B1ECF6902CDAA02E00904F74 /* Products */,
			);
			sourceTree = "<group>";
		};
		B1ECF6902CDAA02E00904F74 /* Products */ = {
			isa = PBXGroup;
			children = (
				B1ECF68F2CDAA02E00904F74 /* TriviaGame.app */,
				B1ECF6A02CDAA03000904F74 /* TriviaGameTests.xctest */,
				B1ECF6AA2CDAA03000904F74 /* TriviaGameUITests.xctest */,
			);
			name = Products;
			sourceTree = "<group>";
		};
/* End PBXGroup section */

/* Begin PBXNativeTarget section */
		B1ECF68E2CDAA02E00904F74 /* TriviaGame */ = {
			isa = PBXNativeTarget;
			buildConfigurationList = B1ECF6B42CDAA03000904F74 /* Build configuration list for PBXNativeTarget "TriviaGame" */;
			buildPhases = (
				B1ECF68B2CDAA02E00904F74 /* Sources */,
				B1ECF68C2CDAA02E00904F74 /* Frameworks */,
				B1ECF68D2CDAA02E00904F74 /* Resources */,
			);
			buildRules = (
			);
			dependencies = (
			);
			fileSystemSynchronizedGroups = (
				B1ECF6912CDAA02E00904F74 /* TriviaGame */,
			);
			name = TriviaGame;
			packageProductDependencies = (
			);
			productName = TriviaGame;
			productReference = B1ECF68F2CDAA02E00904F74 /* TriviaGame.app */;
			productType = "com.apple.product-type.application";
		};
		B1ECF69F2CDAA03000904F74 /* TriviaGameTests */ = {
			isa = PBXNativeTarget;
			buildConfigurationList = B1ECF6B72CDAA03000904F74 /* Build configuration list for PBXNativeTarget "TriviaGameTests" */;
			buildPhases = (
				B1ECF69C2CDAA03000904F74 /* Sources */,
				B1ECF69D2CDAA03000904F74 /* Frameworks */,
				B1ECF69E2CDAA03000904F74 /* Resources */,
			);
			buildRules = (
			);
			dependencies = (
				B1ECF6A22CDAA03000904F74 /* PBXTargetDependency */,
			);
			fileSystemSynchronizedGroups = (
				B1ECF6A32CDAA03000904F74 /* TriviaGameTests */,
			);
			name = TriviaGameTests;
			packageProductDependencies = (
			);
			productName = TriviaGameTests;
			productReference = B1ECF6A02CDAA03000904F74 /* TriviaGameTests.xctest */;
			productType = "com.apple.product-type.bundle.unit-test";
		};
		B1ECF6A92CDAA03000904F74 /* TriviaGameUITests */ = {
			isa = PBXNativeTarget;
			buildConfigurationList = B1ECF6BA2CDAA03000904F74 /* Build configuration list for PBXNativeTarget "TriviaGameUITests" */;
			buildPhases = (
				B1ECF6A62CDAA03000904F74 /* Sources */,
				B1ECF6A72CDAA03000904F74 /* Frameworks */,
				B1ECF6A82CDAA03000904F74 /* Resources */,
			);
			buildRules = (
			);
			dependencies = (
				B1ECF6AC2CDAA03000904F74 /* PBXTargetDependency */,
			);
			fileSystemSynchronizedGroups = (
				B1ECF6AD2CDAA03000904F74 /* TriviaGameUITests */,
			);
			name = TriviaGameUITests;
			packageProductDependencies = (
			);
			productName = TriviaGameUITests;
			productReference = B1ECF6AA2CDAA03000904F74 /* TriviaGameUITests.xctest */;
			productType = "com.apple.product-type.bundle.ui-testing";
		};
/* End PBXNativeTarget section */

/* Begin PBXProject section */
		B1ECF6872CDAA02E00904F74 /* Project object */ = {
			isa = PBXProject;
			attributes = {
				BuildIndependentTargetsInParallel = 1;
				LastSwiftUpdateCheck = 1600;
				LastUpgradeCheck = 1600;
				TargetAttributes = {
					B1ECF68E2CDAA02E00904F74 = {
						CreatedOnToolsVersion = 16.0;
					};
					B1ECF69F2CDAA03000904F74 = {
						CreatedOnToolsVersion = 16.0;
						TestTargetID = B1ECF68E2CDAA02E00904F74;
					};
					B1ECF6A92CDAA03000904F74 = {
						CreatedOnToolsVersion = 16.0;
						TestTargetID = B1ECF68E2CDAA02E00904F74;
					};
				};
			};
			buildConfigurationList = B1ECF68A2CDAA02E00904F74 /* Build configuration list for PBXProject "TriviaGame" */;
			developmentRegion = en;
			hasScannedForEncodings = 0;
			knownRegions = (
				en,
				Base,
			);
			mainGroup = B1ECF6862CDAA02E00904F74;
			minimizedProjectReferenceProxies = 1;
			preferredProjectObjectVersion = 77;
			productRefGroup = B1ECF6902CDAA02E00904F74 /* Products */;
			projectDirPath = "";
			projectRoot = "";
			targets = (
				B1ECF68E2CDAA02E00904F74 /* TriviaGame */,
				B1ECF69F2CDAA03000904F74 /* TriviaGameTests */,
				B1ECF6A92CDAA03000904F74 /* TriviaGameUITests */,
			);
		};
/* End PBXProject section */

/* Begin PBXResourcesBuildPhase section */
		B1ECF68D2CDAA02E00904F74 /* Resources */ = {
			isa = PBXResourcesBuildPhase;
			buildActionMask = 2147483647;
			files = (
			);
			runOnlyForDeploymentPostprocessing = 0;
		};
		B1ECF69E2CDAA03000904F74 /* Resources */ = {
			isa = PBXResourcesBuildPhase;
			buildActionMask = 2147483647;
			files = (
			);
			runOnlyForDeploymentPostprocessing = 0;
		};
		B1ECF6A82CDAA03000904F74 /* Resources */ = {
			isa = PBXResourcesBuildPhase;
			buildActionMask = 2147483647;
			files = (
			);
			runOnlyForDeploymentPostprocessing = 0;
		};
/* End PBXResourcesBuildPhase section */

/* Begin PBXSourcesBuildPhase section */
		B1ECF68B2CDAA02E00904F74 /* Sources */ = {
			isa = PBXSourcesBuildPhase;
			buildActionMask = 2147483647;
			files = (
			);
			runOnlyForDeploymentPostprocessing = 0;
		};
		B1ECF69C2CDAA03000904F74 /* Sources */ = {
			isa = PBXSourcesBuildPhase;
			buildActionMask = 2147483647;
			files = (
			);
			runOnlyForDeploymentPostprocessing = 0;
		};
		B1ECF6A62CDAA03000904F74 /* Sources */ = {
			isa = PBXSourcesBuildPhase;
			buildActionMask = 2147483647;
			files = (
			);
			runOnlyForDeploymentPostprocessing = 0;
		};
/* End PBXSourcesBuildPhase section */

/* Begin PBXTargetDependency section */
		B1ECF6A22CDAA03000904F74 /* PBXTargetDependency */ = {
			isa = PBXTargetDependency;
			target = B1ECF68E2CDAA02E00904F74 /* TriviaGame */;
			targetProxy = B1ECF6A12CDAA03000904F74 /* PBXContainerItemProxy */;
		};
		B1ECF6AC2CDAA03000904F74 /* PBXTargetDependency */ = {
			isa = PBXTargetDependency;
			target = B1ECF68E2CDAA02E00904F74 /* TriviaGame */;
			targetProxy = B1ECF6AB2CDAA03000904F74 /* PBXContainerItemProxy */;
		};
/* End PBXTargetDependency section */

/* Begin XCBuildConfiguration section */
		B1ECF6B22CDAA03000904F74 /* Debug */ = {
			isa = XCBuildConfiguration;
			buildSettings = {
				ALWAYS_SEARCH_USER_PATHS = NO;
				ASSETCATALOG_COMPILER_GENERATE_SWIFT_ASSET_SYMBOL_EXTENSIONS = YES;
				CLANG_ANALYZER_NONNULL = YES;
				CLANG_ANALYZER_NUMBER_OBJECT_CONVERSION = YES_AGGRESSIVE;
				CLANG_CXX_LANGUAGE_STANDARD = "gnu++20";
				CLANG_ENABLE_MODULES = YES;
				CLANG_ENABLE_OBJC_ARC = YES;
				CLANG_ENABLE_OBJC_WEAK = YES;
				CLANG_WARN_BLOCK_CAPTURE_AUTORELEASING = YES;
				CLANG_WARN_BOOL_CONVERSION = YES;
				CLANG_WARN_COMMA = YES;
				CLANG_WARN_CONSTANT_CONVERSION = YES;
				CLANG_WARN_DEPRECATED_OBJC_IMPLEMENTATIONS = YES;
				CLANG_WARN_DIRECT_OBJC_ISA_USAGE = YES_ERROR;
				CLANG_WARN_DOCUMENTATION_COMMENTS = YES;
				CLANG_WARN_EMPTY_BODY = YES;
				CLANG_WARN_ENUM_CONVERSION = YES;
				CLANG_WARN_INFINITE_RECURSION = YES;
				CLANG_WARN_INT_CONVERSION = YES;
				CLANG_WARN_NON_LITERAL_NULL_CONVERSION = YES;
				CLANG_WARN_OBJC_IMPLICIT_RETAIN_SELF = YES;
				CLANG_WARN_OBJC_LITERAL_CONVERSION = YES;
				CLANG_WARN_OBJC_ROOT_CLASS = YES_ERROR;
				CLANG_WARN_QUOTED_INCLUDE_IN_FRAMEWORK_HEADER = YES;
				CLANG_WARN_RANGE_LOOP_ANALYSIS = YES;
				CLANG_WARN_STRICT_PROTOTYPES = YES;
				CLANG_WARN_SUSPICIOUS_MOVE = YES;
				CLANG_WARN_UNGUARDED_AVAILABILITY = YES_AGGRESSIVE;
				CLANG_WARN_UNREACHABLE_CODE = YES;
				CLANG_WARN__DUPLICATE_METHOD_MATCH = YES;
				COPY_PHASE_STRIP = NO;
				DEBUG_INFORMATION_FORMAT = dwarf;
				ENABLE_STRICT_OBJC_MSGSEND = YES;
				ENABLE_TESTABILITY = YES;
				ENABLE_USER_SCRIPT_SANDBOXING = YES;
				GCC_C_LANGUAGE_STANDARD = gnu17;
				GCC_DYNAMIC_NO_PIC = NO;
				GCC_NO_COMMON_BLOCKS = YES;
				GCC_OPTIMIZATION_LEVEL = 0;
				GCC_PREPROCESSOR_DEFINITIONS = (
					"DEBUG=1",
					"$(inherited)",
				);
				GCC_WARN_64_TO_32_BIT_CONVERSION = YES;
				GCC_WARN_ABOUT_RETURN_TYPE = YES_ERROR;
				GCC_WARN_UNDECLARED_SELECTOR = YES;
				GCC_WARN_UNINITIALIZED_AUTOS = YES_AGGRESSIVE;
				GCC_WARN_UNUSED_FUNCTION = YES;
				GCC_WARN_UNUSED_VARIABLE = YES;
				LOCALIZATION_PREFERS_STRING_CATALOGS = YES;
				MTL_ENABLE_DEBUG_INFO = INCLUDE_SOURCE;
				MTL_FAST_MATH = YES;
				ONLY_ACTIVE_ARCH = YES;
				SWIFT_ACTIVE_COMPILATION_CONDITIONS = "DEBUG $(inherited)";
				SWIFT_OPTIMIZATION_LEVEL = "-Onone";
			};
			name = Debug;
		};
		B1ECF6B32CDAA03000904F74 /* Release */ = {
			isa = XCBuildConfiguration;
			buildSettings = {
				ALWAYS_SEARCH_USER_PATHS = NO;
				ASSETCATALOG_COMPILER_GENERATE_SWIFT_ASSET_SYMBOL_EXTENSIONS = YES;
				CLANG_ANALYZER_NONNULL = YES;
				CLANG_ANALYZER_NUMBER_OBJECT_CONVERSION = YES_AGGRESSIVE;
				CLANG_CXX_LANGUAGE_STANDARD = "gnu++20";
				CLANG_ENABLE_MODULES = YES;
				CLANG_ENABLE_OBJC_ARC = YES;
				CLANG_ENABLE_OBJC_WEAK = YES;
				CLANG_WARN_BLOCK_CAPTURE_AUTORELEASING = YES;
				CLANG_WARN_BOOL_CONVERSION = YES;
				CLANG_WARN_COMMA = YES;
				CLANG_WARN_CONSTANT_CONVERSION = YES;
				CLANG_WARN_DEPRECATED_OBJC_IMPLEMENTATIONS = YES;
				CLANG_WARN_DIRECT_OBJC_ISA_USAGE = YES_ERROR;
				CLANG_WARN_DOCUMENTATION_COMMENTS = YES;
				CLANG_WARN_EMPTY_BODY = YES;
				CLANG_WARN_ENUM_CONVERSION = YES;
				CLANG_WARN_INFINITE_RECURSION = YES;
				CLANG_WARN_INT_CONVERSION = YES;
				CLANG_WARN_NON_LITERAL_NULL_CONVERSION = YES;
				CLANG_WARN_OBJC_IMPLICIT_RETAIN_SELF = YES;
				CLANG_WARN_OBJC_LITERAL_CONVERSION = YES;
				CLANG_WARN_OBJC_ROOT_CLASS = YES_ERROR;
				CLANG_WARN_QUOTED_INCLUDE_IN_FRAMEWORK_HEADER = YES;
				CLANG_WARN_RANGE_LOOP_ANALYSIS = YES;
				CLANG_WARN_STRICT_PROTOTYPES = YES;
				CLANG_WARN_SUSPICIOUS_MOVE = YES;
				CLANG_WARN_UNGUARDED_AVAILABILITY = YES_AGGRESSIVE;
				CLANG_WARN_UNREACHABLE_CODE = YES;
				CLANG_WARN__DUPLICATE_METHOD_MATCH = YES;
				COPY_PHASE_STRIP = NO;
				DEBUG_INFORMATION_FORMAT = "dwarf-with-dsym";
				ENABLE_NS_ASSERTIONS = NO;
				ENABLE_STRICT_OBJC_MSGSEND = YES;
				ENABLE_USER_SCRIPT_SANDBOXING = YES;
				GCC_C_LANGUAGE_STANDARD = gnu17;
				GCC_NO_COMMON_BLOCKS = YES;
				GCC_WARN_64_TO_32_BIT_CONVERSION = YES;
				GCC_WARN_ABOUT_RETURN_TYPE = YES_ERROR;
				GCC_WARN_UNDECLARED_SELECTOR = YES;
				GCC_WARN_UNINITIALIZED_AUTOS = YES_AGGRESSIVE;
				GCC_WARN_UNUSED_FUNCTION = YES;
				GCC_WARN_UNUSED_VARIABLE = YES;
				LOCALIZATION_PREFERS_STRING_CATALOGS = YES;
				MTL_ENABLE_DEBUG_INFO = NO;
				MTL_FAST_MATH = YES;
				SWIFT_COMPILATION_MODE = wholemodule;
			};
			name = Release;
		};
		B1ECF6B52CDAA03000904F74 /* Debug */ = {
			isa = XCBuildConfiguration;
			buildSettings = {
				ASSETCATALOG_COMPILER_APPICON_NAME = AppIcon;
				ASSETCATALOG_COMPILER_GLOBAL_ACCENT_COLOR_NAME = AccentColor;
				CODE_SIGN_ENTITLEMENTS = TriviaGame/TriviaGame.entitlements;
				CODE_SIGN_STYLE = Automatic;
				CURRENT_PROJECT_VERSION = 1;
				DEVELOPMENT_ASSET_PATHS = "\"TriviaGame/Preview Content\"";
				DEVELOPMENT_TEAM = RN3L35D3C3;
				ENABLE_HARDENED_RUNTIME = YES;
				ENABLE_PREVIEWS = YES;
				GENERATE_INFOPLIST_FILE = YES;
				"INFOPLIST_KEY_UIApplicationSceneManifest_Generation[sdk=iphoneos*]" = YES;
				"INFOPLIST_KEY_UIApplicationSceneManifest_Generation[sdk=iphonesimulator*]" = YES;
				"INFOPLIST_KEY_UIApplicationSupportsIndirectInputEvents[sdk=iphoneos*]" = YES;
				"INFOPLIST_KEY_UIApplicationSupportsIndirectInputEvents[sdk=iphonesimulator*]" = YES;
				"INFOPLIST_KEY_UILaunchScreen_Generation[sdk=iphoneos*]" = YES;
				"INFOPLIST_KEY_UILaunchScreen_Generation[sdk=iphonesimulator*]" = YES;
				"INFOPLIST_KEY_UIStatusBarStyle[sdk=iphoneos*]" = UIStatusBarStyleDefault;
				"INFOPLIST_KEY_UIStatusBarStyle[sdk=iphonesimulator*]" = UIStatusBarStyleDefault;
				INFOPLIST_KEY_UISupportedInterfaceOrientations_iPad = "UIInterfaceOrientationPortrait UIInterfaceOrientationPortraitUpsideDown UIInterfaceOrientationLandscapeLeft UIInterfaceOrientationLandscapeRight";
				INFOPLIST_KEY_UISupportedInterfaceOrientations_iPhone = "UIInterfaceOrientationPortrait UIInterfaceOrientationLandscapeLeft UIInterfaceOrientationLandscapeRight";
				IPHONEOS_DEPLOYMENT_TARGET = 18.0;
				LD_RUNPATH_SEARCH_PATHS = "@executable_path/Frameworks";
				"LD_RUNPATH_SEARCH_PATHS[sdk=macosx*]" = "@executable_path/../Frameworks";
				MACOSX_DEPLOYMENT_TARGET = 15.0;
				MARKETING_VERSION = 1.0;
				PRODUCT_BUNDLE_IDENTIFIER = nathan.TriviaGame;
				PRODUCT_NAME = "$(TARGET_NAME)";
				SDKROOT = auto;
				SUPPORTED_PLATFORMS = "iphoneos iphonesimulator macosx xros xrsimulator";
				SWIFT_EMIT_LOC_STRINGS = YES;
				SWIFT_VERSION = 5.0;
				TARGETED_DEVICE_FAMILY = "1,2,7";
				XROS_DEPLOYMENT_TARGET = 2.0;
			};
			name = Debug;
		};
		B1ECF6B62CDAA03000904F74 /* Release */ = {
			isa = XCBuildConfiguration;
			buildSettings = {
				ASSETCATALOG_COMPILER_APPICON_NAME = AppIcon;
				ASSETCATALOG_COMPILER_GLOBAL_ACCENT_COLOR_NAME = AccentColor;
				CODE_SIGN_ENTITLEMENTS = TriviaGame/TriviaGame.entitlements;
				CODE_SIGN_STYLE = Automatic;
				CURRENT_PROJECT_VERSION = 1;
				DEVELOPMENT_ASSET_PATHS = "\"TriviaGame/Preview Content\"";
				DEVELOPMENT_TEAM = RN3L35D3C3;
				ENABLE_HARDENED_RUNTIME = YES;
				ENABLE_PREVIEWS = YES;
				GENERATE_INFOPLIST_FILE = YES;
				"INFOPLIST_KEY_UIApplicationSceneManifest_Generation[sdk=iphoneos*]" = YES;
				"INFOPLIST_KEY_UIApplicationSceneManifest_Generation[sdk=iphonesimulator*]" = YES;
				"INFOPLIST_KEY_UIApplicationSupportsIndirectInputEvents[sdk=iphoneos*]" = YES;
				"INFOPLIST_KEY_UIApplicationSupportsIndirectInputEvents[sdk=iphonesimulator*]" = YES;
				"INFOPLIST_KEY_UILaunchScreen_Generation[sdk=iphoneos*]" = YES;
				"INFOPLIST_KEY_UILaunchScreen_Generation[sdk=iphonesimulator*]" = YES;
				"INFOPLIST_KEY_UIStatusBarStyle[sdk=iphoneos*]" = UIStatusBarStyleDefault;
				"INFOPLIST_KEY_UIStatusBarStyle[sdk=iphonesimulator*]" = UIStatusBarStyleDefault;
				INFOPLIST_KEY_UISupportedInterfaceOrientations_iPad = "UIInterfaceOrientationPortrait UIInterfaceOrientationPortraitUpsideDown UIInterfaceOrientationLandscapeLeft UIInterfaceOrientationLandscapeRight";
				INFOPLIST_KEY_UISupportedInterfaceOrientations_iPhone = "UIInterfaceOrientationPortrait UIInterfaceOrientationLandscapeLeft UIInterfaceOrientationLandscapeRight";
				IPHONEOS_DEPLOYMENT_TARGET = 18.0;
				LD_RUNPATH_SEARCH_PATHS = "@executable_path/Frameworks";
				"LD_RUNPATH_SEARCH_PATHS[sdk=macosx*]" = "@executable_path/../Frameworks";
				MACOSX_DEPLOYMENT_TARGET = 15.0;
				MARKETING_VERSION = 1.0;
				PRODUCT_BUNDLE_IDENTIFIER = nathan.TriviaGame;
				PRODUCT_NAME = "$(TARGET_NAME)";
				SDKROOT = auto;
				SUPPORTED_PLATFORMS = "iphoneos iphonesimulator macosx xros xrsimulator";
				SWIFT_EMIT_LOC_STRINGS = YES;
				SWIFT_VERSION = 5.0;
				TARGETED_DEVICE_FAMILY = "1,2,7";
				XROS_DEPLOYMENT_TARGET = 2.0;
			};
			name = Release;
		};
		B1ECF6B82CDAA03000904F74 /* Debug */ = {
			isa = XCBuildConfiguration;
			buildSettings = {
				BUNDLE_LOADER = "$(TEST_HOST)";
				CODE_SIGN_STYLE = Automatic;
				CURRENT_PROJECT_VERSION = 1;
				DEVELOPMENT_TEAM = RN3L35D3C3;
				GENERATE_INFOPLIST_FILE = YES;
				IPHONEOS_DEPLOYMENT_TARGET = 18.0;
				MACOSX_DEPLOYMENT_TARGET = 15.0;
				MARKETING_VERSION = 1.0;
				PRODUCT_BUNDLE_IDENTIFIER = nathan.TriviaGameTests;
				PRODUCT_NAME = "$(TARGET_NAME)";
				SDKROOT = auto;
				SUPPORTED_PLATFORMS = "iphoneos iphonesimulator macosx xros xrsimulator";
				SWIFT_EMIT_LOC_STRINGS = NO;
				SWIFT_VERSION = 5.0;
				TARGETED_DEVICE_FAMILY = "1,2,7";
				TEST_HOST = "$(BUILT_PRODUCTS_DIR)/TriviaGame.app/$(BUNDLE_EXECUTABLE_FOLDER_PATH)/TriviaGame";
				XROS_DEPLOYMENT_TARGET = 2.0;
			};
			name = Debug;
		};
		B1ECF6B92CDAA03000904F74 /* Release */ = {
			isa = XCBuildConfiguration;
			buildSettings = {
				BUNDLE_LOADER = "$(TEST_HOST)";
				CODE_SIGN_STYLE = Automatic;
				CURRENT_PROJECT_VERSION = 1;
				DEVELOPMENT_TEAM = RN3L35D3C3;
				GENERATE_INFOPLIST_FILE = YES;
				IPHONEOS_DEPLOYMENT_TARGET = 18.0;
				MACOSX_DEPLOYMENT_TARGET = 15.0;
				MARKETING_VERSION = 1.0;
				PRODUCT_BUNDLE_IDENTIFIER = nathan.TriviaGameTests;
				PRODUCT_NAME = "$(TARGET_NAME)";
				SDKROOT = auto;
				SUPPORTED_PLATFORMS = "iphoneos iphonesimulator macosx xros xrsimulator";
				SWIFT_EMIT_LOC_STRINGS = NO;
				SWIFT_VERSION = 5.0;
				TARGETED_DEVICE_FAMILY = "1,2,7";
				TEST_HOST = "$(BUILT_PRODUCTS_DIR)/TriviaGame.app/$(BUNDLE_EXECUTABLE_FOLDER_PATH)/TriviaGame";
				XROS_DEPLOYMENT_TARGET = 2.0;
			};
			name = Release;
		};
		B1ECF6BB2CDAA03000904F74 /* Debug */ = {
			isa = XCBuildConfiguration;
			buildSettings = {
				CODE_SIGN_STYLE = Automatic;
				CURRENT_PROJECT_VERSION = 1;
				DEVELOPMENT_TEAM = RN3L35D3C3;
				GENERATE_INFOPLIST_FILE = YES;
				IPHONEOS_DEPLOYMENT_TARGET = 18.0;
				MACOSX_DEPLOYMENT_TARGET = 15.0;
				MARKETING_VERSION = 1.0;
				PRODUCT_BUNDLE_IDENTIFIER = nathan.TriviaGameUITests;
				PRODUCT_NAME = "$(TARGET_NAME)";
				SDKROOT = auto;
				SUPPORTED_PLATFORMS = "iphoneos iphonesimulator macosx xros xrsimulator";
				SWIFT_EMIT_LOC_STRINGS = NO;
				SWIFT_VERSION = 5.0;
				TARGETED_DEVICE_FAMILY = "1,2,7";
				TEST_TARGET_NAME = TriviaGame;
				XROS_DEPLOYMENT_TARGET = 2.0;
			};
			name = Debug;
		};
		B1ECF6BC2CDAA03000904F74 /* Release */ = {
			isa = XCBuildConfiguration;
			buildSettings = {
				CODE_SIGN_STYLE = Automatic;
				CURRENT_PROJECT_VERSION = 1;
				DEVELOPMENT_TEAM = RN3L35D3C3;
				GENERATE_INFOPLIST_FILE = YES;
				IPHONEOS_DEPLOYMENT_TARGET = 18.0;
				MACOSX_DEPLOYMENT_TARGET = 15.0;
				MARKETING_VERSION = 1.0;
				PRODUCT_BUNDLE_IDENTIFIER = nathan.TriviaGameUITests;
				PRODUCT_NAME = "$(TARGET_NAME)";
				SDKROOT = auto;
				SUPPORTED_PLATFORMS = "iphoneos iphonesimulator macosx xros xrsimulator";
				SWIFT_EMIT_LOC_STRINGS = NO;
				SWIFT_VERSION = 5.0;
				TARGETED_DEVICE_FAMILY = "1,2,7";
				TEST_TARGET_NAME = TriviaGame;
				XROS_DEPLOYMENT_TARGET = 2.0;
			};
			name = Release;
		};
/* End XCBuildConfiguration section */

/* Begin XCConfigurationList section */
		B1ECF68A2CDAA02E00904F74 /* Build configuration list for PBXProject "TriviaGame" */ = {
			isa = XCConfigurationList;
			buildConfigurations = (
				B1ECF6B22CDAA03000904F74 /* Debug */,
				B1ECF6B32CDAA03000904F74 /* Release */,
			);
			defaultConfigurationIsVisible = 0;
			defaultConfigurationName = Release;
		};
		B1ECF6B42CDAA03000904F74 /* Build configuration list for PBXNativeTarget "TriviaGame" */ = {
			isa = XCConfigurationList;
			buildConfigurations = (
				B1ECF6B52CDAA03000904F74 /* Debug */,
				B1ECF6B62CDAA03000904F74 /* Release */,
			);
			defaultConfigurationIsVisible = 0;
			defaultConfigurationName = Release;
		};
		B1ECF6B72CDAA03000904F74 /* Build configuration list for PBXNativeTarget "TriviaGameTests" */ = {
			isa = XCConfigurationList;
			buildConfigurations = (
				B1ECF6B82CDAA03000904F74 /* Debug */,
				B1ECF6B92CDAA03000904F74 /* Release */,
			);
			defaultConfigurationIsVisible = 0;
			defaultConfigurationName = Release;
		};
		B1ECF6BA2CDAA03000904F74 /* Build configuration list for PBXNativeTarget "TriviaGameUITests" */ = {
			isa = XCConfigurationList;
			buildConfigurations = (
				B1ECF6BB2CDAA03000904F74 /* Debug */,
				B1ECF6BC2CDAA03000904F74 /* Release */,
			);
			defaultConfigurationIsVisible = 0;
			defaultConfigurationName = Release;
		};
/* End XCConfigurationList section */
	};
	rootObject = B1ECF6872CDAA02E00904F74 /* Project object */;
}
